
Microsoft Visual Studio Solution File, Format Version 12.00
# Visual Studio Version 16
VisualStudioVersion = 16.0.30611.23
MinimumVisualStudioVersion = 10.0.40219.1
Project("{FAE04EC0-301F-11D3-BF4B-00C04F79EFBC}") = "Azure.Sdk.Tools.LinkChecker", "Azure.Sdk.Tools.LinkChecker\Azure.Sdk.Tools.LinkChecker.csproj", "{306AFB9E-388C-46A4-8B56-4C5D9A183267}"
EndProject
Global
	GlobalSection(SolutionConfigurationPlatforms) = preSolution
		Debug|Any CPU = Debug|Any CPU
		Release|Any CPU = Release|Any CPU
	EndGlobalSection
	GlobalSection(ProjectConfigurationPlatforms) = postSolution
		{306AFB9E-388C-46A4-8B56-4C5D9A183267}.Debug|Any CPU.ActiveCfg = Debug|Any CPU
		{306AFB9E-388C-46A4-8B56-4C5D9A183267}.Debug|Any CPU.Build.0 = Debug|Any CPU
		{306AFB9E-388C-46A4-8B56-4C5D9A183267}.Release|Any CPU.ActiveCfg = Release|Any CPU
		{306AFB9E-388C-46A4-8B56-4C5D9A183267}.Release|Any CPU.Build.0 = Release|Any CPU
	EndGlobalSection
	GlobalSection(SolutionProperties) = preSolution
		HideSolutionNode = FALSE
	EndGlobalSection
	GlobalSection(ExtensibilityGlobals) = postSolution
		SolutionGuid = {7E6F0BB1-AB03-4503-8D15-5FF66E2BA6B9}
	EndGlobalSection
EndGlobal
